
Microsoft Visual Studio Solution File, Format Version 12.00
# Visual Studio 2013
VisualStudioVersion = 12.0.21005.1
MinimumVisualStudioVersion = 10.0.40219.1
Project("{FAE04EC0-301F-11D3-BF4B-00C04F79EFBC}") = "ReversePolishNotationCalculator", "ReversePolishNotation\ReversePolishNotationCalculator.csproj", "{7CE62151-52EB-4453-B557-DC44BDF7CAC5}"
EndProject
Project("{FAE04EC0-301F-11D3-BF4B-00C04F79EFBC}") = "ShuntintYardAlgorithm", "ShuntintYardAlgorithm\ShuntintYardAlgorithm.csproj", "{A530EE50-6B8B-4A5A-8CED-EB9175650E04}"
EndProject
Global
	GlobalSection(SolutionConfigurationPlatforms) = preSolution
		Debug|Any CPU = Debug|Any CPU
		Release|Any CPU = Release|Any CPU
	EndGlobalSection
	GlobalSection(ProjectConfigurationPlatforms) = postSolution
		{7CE62151-52EB-4453-B557-DC44BDF7CAC5}.Debug|Any CPU.ActiveCfg = Debug|Any CPU
		{7CE62151-52EB-4453-B557-DC44BDF7CAC5}.Debug|Any CPU.Build.0 = Debug|Any CPU
		{7CE62151-52EB-4453-B557-DC44BDF7CAC5}.Release|Any CPU.ActiveCfg = Release|Any CPU
		{7CE62151-52EB-4453-B557-DC44BDF7CAC5}.Release|Any CPU.Build.0 = Release|Any CPU
		{A530EE50-6B8B-4A5A-8CED-EB9175650E04}.Debug|Any CPU.ActiveCfg = Debug|Any CPU
		{A530EE50-6B8B-4A5A-8CED-EB9175650E04}.Debug|Any CPU.Build.0 = Debug|Any CPU
		{A530EE50-6B8B-4A5A-8CED-EB9175650E04}.Release|Any CPU.ActiveCfg = Release|Any CPU
		{A530EE50-6B8B-4A5A-8CED-EB9175650E04}.Release|Any CPU.Build.0 = Release|Any CPU
	EndGlobalSection
	GlobalSection(SolutionProperties) = preSolution
		HideSolutionNode = FALSE
	EndGlobalSection
EndGlobal
